// !$*UTF8*$!
{
	archiveVersion = 1;
	classes = {
	};
	objectVersion = 48;
	objects = {

/* Begin PBXBuildFile section */
		985956E51F2A4D400006D214 /* LeagueVC.swift in Sources */ = {isa = PBXBuildFile; fileRef = 985956E41F2A4D400006D214 /* LeagueVC.swift */; };
		985956E71F2A4D4C0006D214 /* SkillVC.swift in Sources */ = {isa = PBXBuildFile; fileRef = 985956E61F2A4D4C0006D214 /* SkillVC.swift */; };
		985B167C1F28FBE700998CE1 /* AppDelegate.swift in Sources */ = {isa = PBXBuildFile; fileRef = 985B167B1F28FBE700998CE1 /* AppDelegate.swift */; };
		985B167E1F28FBE700998CE1 /* WelcomeVC.swift in Sources */ = {isa = PBXBuildFile; fileRef = 985B167D1F28FBE700998CE1 /* WelcomeVC.swift */; };
		985B16811F28FBE700998CE1 /* Main.storyboard in Resources */ = {isa = PBXBuildFile; fileRef = 985B167F1F28FBE700998CE1 /* Main.storyboard */; };
		985B16831F28FBE700998CE1 /* Assets.xcassets in Resources */ = {isa = PBXBuildFile; fileRef = 985B16821F28FBE700998CE1 /* Assets.xcassets */; };
		985B16861F28FBE700998CE1 /* LaunchScreen.storyboard in Resources */ = {isa = PBXBuildFile; fileRef = 985B16841F28FBE700998CE1 /* LaunchScreen.storyboard */; };
		985B168F1F29002700998CE1 /* BorderButton.swift in Sources */ = {isa = PBXBuildFile; fileRef = 985B168E1F29002700998CE1 /* BorderButton.swift */; };
/* End PBXBuildFile section */

/* Begin PBXFileReference section */
		985956E41F2A4D400006D214 /* LeagueVC.swift */ = {isa = PBXFileReference; lastKnownFileType = sourcecode.swift; path = LeagueVC.swift; sourceTree = "<group>"; };
		985956E61F2A4D4C0006D214 /* SkillVC.swift */ = {isa = PBXFileReference; lastKnownFileType = sourcecode.swift; path = SkillVC.swift; sourceTree = "<group>"; };
		985B16781F28FBE700998CE1 /* Swoosh.app */ = {isa = PBXFileReference; explicitFileType = wrapper.application; includeInIndex = 0; path = Swoosh.app; sourceTree = BUILT_PRODUCTS_DIR; };
		985B167B1F28FBE700998CE1 /* AppDelegate.swift */ = {isa = PBXFileReference; lastKnownFileType = sourcecode.swift; path = AppDelegate.swift; sourceTree = "<group>"; };
		985B167D1F28FBE700998CE1 /* WelcomeVC.swift */ = {isa = PBXFileReference; lastKnownFileType = sourcecode.swift; path = WelcomeVC.swift; sourceTree = "<group>"; };
		985B16801F28FBE700998CE1 /* Base */ = {isa = PBXFileReference; lastKnownFileType = file.storyboard; name = Base; path = Base.lproj/Main.storyboard; sourceTree = "<group>"; };
		985B16821F28FBE700998CE1 /* Assets.xcassets */ = {isa = PBXFileReference; lastKnownFileType = folder.assetcatalog; path = Assets.xcassets; sourceTree = "<group>"; };
		985B16851F28FBE700998CE1 /* Base */ = {isa = PBXFileReference; lastKnownFileType = file.storyboard; name = Base; path = Base.lproj/LaunchScreen.storyboard; sourceTree = "<group>"; };
		985B16871F28FBE700998CE1 /* Info.plist */ = {isa = PBXFileReference; lastKnownFileType = text.plist.xml; path = Info.plist; sourceTree = "<group>"; };
		985B168E1F29002700998CE1 /* BorderButton.swift */ = {isa = PBXFileReference; lastKnownFileType = sourcecode.swift; path = BorderButton.swift; sourceTree = "<group>"; };
/* End PBXFileReference section */

/* Begin PBXFrameworksBuildPhase section */
		985B16751F28FBE600998CE1 /* Frameworks */ = {
			isa = PBXFrameworksBuildPhase;
			buildActionMask = 2147483647;
			files = (
			);
			runOnlyForDeploymentPostprocessing = 0;
		};
/* End PBXFrameworksBuildPhase section */

/* Begin PBXGroup section */
		985B166F1F28FBE600998CE1 = {
			isa = PBXGroup;
			children = (
				985B167A1F28FBE700998CE1 /* Swoosh */,
				985B16791F28FBE700998CE1 /* Products */,
			);
			sourceTree = "<group>";
		};
		985B16791F28FBE700998CE1 /* Products */ = {
			isa = PBXGroup;
			children = (
				985B16781F28FBE700998CE1 /* Swoosh.app */,
			);
			name = Products;
			sourceTree = "<group>";
		};
		985B167A1F28FBE700998CE1 /* Swoosh */ = {
			isa = PBXGroup;
			children = (
				989A12F41F2A4C7600B94A0E /* Model */,
				985B168D1F28FFFF00998CE1 /* View */,
				989A12F31F2A4C6D00B94A0E /* Controller */,
				985B167B1F28FBE700998CE1 /* AppDelegate.swift */,
				985B167F1F28FBE700998CE1 /* Main.storyboard */,
				985B16821F28FBE700998CE1 /* Assets.xcassets */,
				985B16841F28FBE700998CE1 /* LaunchScreen.storyboard */,
				985B16871F28FBE700998CE1 /* Info.plist */,
			);
			path = Swoosh;
			sourceTree = "<group>";
		};
		985B168D1F28FFFF00998CE1 /* View */ = {
			isa = PBXGroup;
			children = (
				985B168E1F29002700998CE1 /* BorderButton.swift */,
			);
			path = View;
			sourceTree = "<group>";
		};
		989A12F31F2A4C6D00B94A0E /* Controller */ = {
			isa = PBXGroup;
			children = (
				985B167D1F28FBE700998CE1 /* WelcomeVC.swift */,
				985956E41F2A4D400006D214 /* LeagueVC.swift */,
				985956E61F2A4D4C0006D214 /* SkillVC.swift */,
			);
			path = Controller;
			sourceTree = "<group>";
		};
		989A12F41F2A4C7600B94A0E /* Model */ = {
			isa = PBXGroup;
			children = (
			);
			path = Model;
			sourceTree = "<group>";
		};
/* End PBXGroup section */

/* Begin PBXNativeTarget section */
		985B16771F28FBE600998CE1 /* Swoosh */ = {
			isa = PBXNativeTarget;
			buildConfigurationList = 985B168A1F28FBE700998CE1 /* Build configuration list for PBXNativeTarget "Swoosh" */;
			buildPhases = (
				985B16741F28FBE600998CE1 /* Sources */,
				985B16751F28FBE600998CE1 /* Frameworks */,
				985B16761F28FBE600998CE1 /* Resources */,
			);
			buildRules = (
			);
			dependencies = (
			);
			name = Swoosh;
			productName = Swoosh;
			productReference = 985B16781F28FBE700998CE1 /* Swoosh.app */;
			productType = "com.apple.product-type.application";
		};
/* End PBXNativeTarget section */

/* Begin PBXProject section */
		985B16701F28FBE600998CE1 /* Project object */ = {
			isa = PBXProject;
			attributes = {
				LastSwiftUpdateCheck = 0900;
				LastUpgradeCheck = 0900;
				ORGANIZATIONNAME = "CROSS-A";
				TargetAttributes = {
					985B16771F28FBE600998CE1 = {
						CreatedOnToolsVersion = 9.0;
					};
				};
			};
			buildConfigurationList = 985B16731F28FBE600998CE1 /* Build configuration list for PBXProject "Swoosh" */;
			compatibilityVersion = "Xcode 8.0";
			developmentRegion = en;
			hasScannedForEncodings = 0;
			knownRegions = (
				en,
				Base,
			);
			mainGroup = 985B166F1F28FBE600998CE1;
			productRefGroup = 985B16791F28FBE700998CE1 /* Products */;
			projectDirPath = "";
			projectRoot = "";
			targets = (
				985B16771F28FBE600998CE1 /* Swoosh */,
			);
		};
/* End PBXProject section */

/* Begin PBXResourcesBuildPhase section */
		985B16761F28FBE600998CE1 /* Resources */ = {
			isa = PBXResourcesBuildPhase;
			buildActionMask = 2147483647;
			files = (
				985B16861F28FBE700998CE1 /* LaunchScreen.storyboard in Resources */,
				985B16831F28FBE700998CE1 /* Assets.xcassets in Resources */,
				985B16811F28FBE700998CE1 /* Main.storyboard in Resources */,
			);
			runOnlyForDeploymentPostprocessing = 0;
		};
/* End PBXResourcesBuildPhase section */

/* Begin PBXSourcesBuildPhase section */
		985B16741F28FBE600998CE1 /* Sources */ = {
			isa = PBXSourcesBuildPhase;
			buildActionMask = 2147483647;
			files = (
				985B167E1F28FBE700998CE1 /* WelcomeVC.swift in Sources */,
				985956E51F2A4D400006D214 /* LeagueVC.swift in Sources */,
				985B167C1F28FBE700998CE1 /* AppDelegate.swift in Sources */,
				985956E71F2A4D4C0006D214 /* SkillVC.swift in Sources */,
				985B168F1F29002700998CE1 /* BorderButton.swift in Sources */,
			);
			runOnlyForDeploymentPostprocessing = 0;
		};
/* End PBXSourcesBuildPhase section */

/* Begin PBXVariantGroup section */
		985B167F1F28FBE700998CE1 /* Main.storyboard */ = {
			isa = PBXVariantGroup;
			children = (
				985B16801F28FBE700998CE1 /* Base */,
			);
			name = Main.storyboard;
			sourceTree = "<group>";
		};
		985B16841F28FBE700998CE1 /* LaunchScreen.storyboard */ = {
			isa = PBXVariantGroup;
			children = (
				985B16851F28FBE700998CE1 /* Base */,
			);
			name = LaunchScreen.storyboard;
			sourceTree = "<group>";
		};
/* End PBXVariantGroup section */

/* Begin XCBuildConfiguration section */
		985B16881F28FBE700998CE1 /* Debug */ = {
			isa = XCBuildConfiguration;
			buildSettings = {
				ALWAYS_SEARCH_USER_PATHS = NO;
				CLANG_ANALYZER_NONNULL = YES;
				CLANG_ANALYZER_NUMBER_OBJECT_CONVERSION = YES_AGGRESSIVE;
				CLANG_CXX_LANGUAGE_STANDARD = "gnu++14";
				CLANG_CXX_LIBRARY = "libc++";
				CLANG_ENABLE_MODULES = YES;
				CLANG_ENABLE_OBJC_ARC = YES;
				CLANG_WARN_BLOCK_CAPTURE_AUTORELEASING = YES;
				CLANG_WARN_BOOL_CONVERSION = YES;
				CLANG_WARN_COMMA = YES;
				CLANG_WARN_CONSTANT_CONVERSION = YES;
				CLANG_WARN_DIRECT_OBJC_ISA_USAGE = YES_ERROR;
				CLANG_WARN_DOCUMENTATION_COMMENTS = YES;
				CLANG_WARN_EMPTY_BODY = YES;
				CLANG_WARN_ENUM_CONVERSION = YES;
				CLANG_WARN_INFINITE_RECURSION = YES;
				CLANG_WARN_INT_CONVERSION = YES;
				CLANG_WARN_OBJC_ROOT_CLASS = YES_ERROR;
				CLANG_WARN_RANGE_LOOP_ANALYSIS = YES;
				CLANG_WARN_STRICT_PROTOTYPES = YES;
				CLANG_WARN_SUSPICIOUS_MOVE = YES;
				CLANG_WARN_UNGUARDED_AVAILABILITY = YES_AGGRESSIVE;
				CLANG_WARN_UNREACHABLE_CODE = YES;
				CLANG_WARN__DUPLICATE_METHOD_MATCH = YES;
				CODE_SIGN_IDENTITY = "iPhone Developer";
				COPY_PHASE_STRIP = NO;
				DEBUG_INFORMATION_FORMAT = dwarf;
				ENABLE_STRICT_OBJC_MSGSEND = YES;
				ENABLE_TESTABILITY = YES;
				GCC_C_LANGUAGE_STANDARD = gnu11;
				GCC_DYNAMIC_NO_PIC = NO;
				GCC_NO_COMMON_BLOCKS = YES;
				GCC_OPTIMIZATION_LEVEL = 0;
				GCC_PREPROCESSOR_DEFINITIONS = (
					"DEBUG=1",
					"$(inherited)",
				);
				GCC_WARN_64_TO_32_BIT_CONVERSION = YES;
				GCC_WARN_ABOUT_RETURN_TYPE = YES_ERROR;
				GCC_WARN_UNDECLARED_SELECTOR = YES;
				GCC_WARN_UNINITIALIZED_AUTOS = YES_AGGRESSIVE;
				GCC_WARN_UNUSED_FUNCTION = YES;
				GCC_WARN_UNUSED_VARIABLE = YES;
				IPHONEOS_DEPLOYMENT_TARGET = 11.0;
				MTL_ENABLE_DEBUG_INFO = YES;
				ONLY_ACTIVE_ARCH = YES;
				SDKROOT = iphoneos;
				SWIFT_ACTIVE_COMPILATION_CONDITIONS = DEBUG;
				SWIFT_OPTIMIZATION_LEVEL = "-Onone";
			};
			name = Debug;
		};
		985B16891F28FBE700998CE1 /* Release */ = {
			isa = XCBuildConfiguration;
			buildSettings = {
				ALWAYS_SEARCH_USER_PATHS = NO;
				CLANG_ANALYZER_NONNULL = YES;
				CLANG_ANALYZER_NUMBER_OBJECT_CONVERSION = YES_AGGRESSIVE;
				CLANG_CXX_LANGUAGE_STANDARD = "gnu++14";
				CLANG_CXX_LIBRARY = "libc++";
				CLANG_ENABLE_MODULES = YES;
				CLANG_ENABLE_OBJC_ARC = YES;
				CLANG_WARN_BLOCK_CAPTURE_AUTORELEASING = YES;
				CLANG_WARN_BOOL_CONVERSION = YES;
				CLANG_WARN_COMMA = YES;
				CLANG_WARN_CONSTANT_CONVERSION = YES;
				CLANG_WARN_DIRECT_OBJC_ISA_USAGE = YES_ERROR;
				CLANG_WARN_DOCUMENTATION_COMMENTS = YES;
				CLANG_WARN_EMPTY_BODY = YES;
				CLANG_WARN_ENUM_CONVERSION = YES;
				CLANG_WARN_INFINITE_RECURSION = YES;
				CLANG_WARN_INT_CONVERSION = YES;
				CLANG_WARN_OBJC_ROOT_CLASS = YES_ERROR;
				CLANG_WARN_RANGE_LOOP_ANALYSIS = YES;
				CLANG_WARN_STRICT_PROTOTYPES = YES;
				CLANG_WARN_SUSPICIOUS_MOVE = YES;
				CLANG_WARN_UNGUARDED_AVAILABILITY = YES_AGGRESSIVE;
				CLANG_WARN_UNREACHABLE_CODE = YES;
				CLANG_WARN__DUPLICATE_METHOD_MATCH = YES;
				CODE_SIGN_IDENTITY = "iPhone Developer";
				COPY_PHASE_STRIP = NO;
				DEBUG_INFORMATION_FORMAT = "dwarf-with-dsym";
				ENABLE_NS_ASSERTIONS = NO;
				ENABLE_STRICT_OBJC_MSGSEND = YES;
				GCC_C_LANGUAGE_STANDARD = gnu11;
				GCC_NO_COMMON_BLOCKS = YES;
				GCC_WARN_64_TO_32_BIT_CONVERSION = YES;
				GCC_WARN_ABOUT_RETURN_TYPE = YES_ERROR;
				GCC_WARN_UNDECLARED_SELECTOR = YES;
				GCC_WARN_UNINITIALIZED_AUTOS = YES_AGGRESSIVE;
				GCC_WARN_UNUSED_FUNCTION = YES;
				GCC_WARN_UNUSED_VARIABLE = YES;
				IPHONEOS_DEPLOYMENT_TARGET = 11.0;
				MTL_ENABLE_DEBUG_INFO = NO;
				SDKROOT = iphoneos;
				SWIFT_OPTIMIZATION_LEVEL = "-Owholemodule";
				VALIDATE_PRODUCT = YES;
			};
			name = Release;
		};
		985B168B1F28FBE700998CE1 /* Debug */ = {
			isa = XCBuildConfiguration;
			buildSettings = {
				ASSETCATALOG_COMPILER_APPICON_NAME = AppIcon;
				DEVELOPMENT_TEAM = 29BFEDRFS6;
				INFOPLIST_FILE = Swoosh/Info.plist;
				LD_RUNPATH_SEARCH_PATHS = "$(inherited) @executable_path/Frameworks";
				PRODUCT_BUNDLE_IDENTIFIER = "com.cross-a.Swoosh";
				PRODUCT_NAME = "$(TARGET_NAME)";
				SWIFT_VERSION = 4.0;
				TARGETED_DEVICE_FAMILY = 1;
			};
			name = Debug;
		};
		985B168C1F28FBE700998CE1 /* Release */ = {
			isa = XCBuildConfiguration;
			buildSettings = {
				ASSETCATALOG_COMPILER_APPICON_NAME = AppIcon;
				DEVELOPMENT_TEAM = 29BFEDRFS6;
				INFOPLIST_FILE = Swoosh/Info.plist;
				LD_RUNPATH_SEARCH_PATHS = "$(inherited) @executable_path/Frameworks";
				PRODUCT_BUNDLE_IDENTIFIER = "com.cross-a.Swoosh";
				PRODUCT_NAME = "$(TARGET_NAME)";
				SWIFT_VERSION = 4.0;
				TARGETED_DEVICE_FAMILY = 1;
			};
			name = Release;
		};
/* End XCBuildConfiguration section */

/* Begin XCConfigurationList section */
		985B16731F28FBE600998CE1 /* Build configuration list for PBXProject "Swoosh" */ = {
			isa = XCConfigurationList;
			buildConfigurations = (
				985B16881F28FBE700998CE1 /* Debug */,
				985B16891F28FBE700998CE1 /* Release */,
			);
			defaultConfigurationIsVisible = 0;
			defaultConfigurationName = Release;
		};
		985B168A1F28FBE700998CE1 /* Build configuration list for PBXNativeTarget "Swoosh" */ = {
			isa = XCConfigurationList;
			buildConfigurations = (
				985B168B1F28FBE700998CE1 /* Debug */,
				985B168C1F28FBE700998CE1 /* Release */,
			);
			defaultConfigurationIsVisible = 0;
			defaultConfigurationName = Release;
		};
/* End XCConfigurationList section */
	};
	rootObject = 985B16701F28FBE600998CE1 /* Project object */;
}
